
Microsoft Visual Studio Solution File, Format Version 12.00
# Visual Studio 15
VisualStudioVersion = 15.0.28307.1433
MinimumVisualStudioVersion = 10.0.40219.1
Project("{8BC9CEB8-8B4A-11D0-8D11-00A0C91BC942}") = "Second2", "Second2\Second2.vcxproj", "{40383768-46A4-47C6-AFED-5B10CFA79E7A}"
EndProject
Project("{8BC9CEB8-8B4A-11D0-8D11-00A0C91BC942}") = "Iteration428", "iteration428\iteration428.vcxproj", "{0A0DF0D9-C5DC-4F09-8115-642DF9F0A9A2}"
EndProject
Project("{8BC9CEB8-8B4A-11D0-8D11-00A0C91BC942}") = "Second3", "Second3\Second3.vcxproj", "{FE4FA9A0-E208-46D2-AB7C-BDD39EE963DD}"
EndProject
Global
	GlobalSection(SolutionConfigurationPlatforms) = preSolution
		Debug|x64 = Debug|x64
		Debug|x86 = Debug|x86
		Release|x64 = Release|x64
		Release|x86 = Release|x86
	EndGlobalSection
	GlobalSection(ProjectConfigurationPlatforms) = postSolution
		{40383768-46A4-47C6-AFED-5B10CFA79E7A}.Debug|x64.ActiveCfg = Debug|x64
		{40383768-46A4-47C6-AFED-5B10CFA79E7A}.Debug|x64.Build.0 = Debug|x64
		{40383768-46A4-47C6-AFED-5B10CFA79E7A}.Debug|x86.ActiveCfg = Debug|Win32
		{40383768-46A4-47C6-AFED-5B10CFA79E7A}.Debug|x86.Build.0 = Debug|Win32
		{40383768-46A4-47C6-AFED-5B10CFA79E7A}.Release|x64.ActiveCfg = Release|x64
		{40383768-46A4-47C6-AFED-5B10CFA79E7A}.Release|x64.Build.0 = Release|x64
		{40383768-46A4-47C6-AFED-5B10CFA79E7A}.Release|x86.ActiveCfg = Release|Win32
		{40383768-46A4-47C6-AFED-5B10CFA79E7A}.Release|x86.Build.0 = Release|Win32
		{0A0DF0D9-C5DC-4F09-8115-642DF9F0A9A2}.Debug|x64.ActiveCfg = Debug|x64
		{0A0DF0D9-C5DC-4F09-8115-642DF9F0A9A2}.Debug|x64.Build.0 = Debug|x64
		{0A0DF0D9-C5DC-4F09-8115-642DF9F0A9A2}.Debug|x86.ActiveCfg = Debug|Win32
		{0A0DF0D9-C5DC-4F09-8115-642DF9F0A9A2}.Debug|x86.Build.0 = Debug|Win32
		{0A0DF0D9-C5DC-4F09-8115-642DF9F0A9A2}.Release|x64.ActiveCfg = Release|x64
		{0A0DF0D9-C5DC-4F09-8115-642DF9F0A9A2}.Release|x64.Build.0 = Release|x64
		{0A0DF0D9-C5DC-4F09-8115-642DF9F0A9A2}.Release|x86.ActiveCfg = Release|Win32
		{0A0DF0D9-C5DC-4F09-8115-642DF9F0A9A2}.Release|x86.Build.0 = Release|Win32
		{FE4FA9A0-E208-46D2-AB7C-BDD39EE963DD}.Debug|x64.ActiveCfg = Debug|x64
		{FE4FA9A0-E208-46D2-AB7C-BDD39EE963DD}.Debug|x64.Build.0 = Debug|x64
		{FE4FA9A0-E208-46D2-AB7C-BDD39EE963DD}.Debug|x86.ActiveCfg = Debug|Win32
		{FE4FA9A0-E208-46D2-AB7C-BDD39EE963DD}.Debug|x86.Build.0 = Debug|Win32
		{FE4FA9A0-E208-46D2-AB7C-BDD39EE963DD}.Release|x64.ActiveCfg = Release|x64
		{FE4FA9A0-E208-46D2-AB7C-BDD39EE963DD}.Release|x64.Build.0 = Release|x64
		{FE4FA9A0-E208-46D2-AB7C-BDD39EE963DD}.Release|x86.ActiveCfg = Release|Win32
		{FE4FA9A0-E208-46D2-AB7C-BDD39EE963DD}.Release|x86.Build.0 = Release|Win32
	EndGlobalSection
	GlobalSection(SolutionProperties) = preSolution
		HideSolutionNode = FALSE
	EndGlobalSection
	GlobalSection(ExtensibilityGlobals) = postSolution
		SolutionGuid = {783DBC5A-F530-434A-97C9-8441BF728DE4}
	EndGlobalSection
EndGlobal
